{
  "lockfile-version": 1,
  "manifest": {
    "version": 1,
    "install": {
      "marksman": {
        "pkg-path": "marksman"
      },
      "zola": {
        "pkg-path": "zola"
      }
    },
    "options": {
      "systems": [
        "aarch64-darwin",
        "aarch64-linux",
        "x86_64-darwin",
        "x86_64-linux"
      ],
      "cuda-detection": false
    },
    "services": {
      "preview": {
        "command": "zola serve"
      }
    }
  },
  "packages": [
    {
      "attr_path": "marksman",
      "broken": false,
      "derivation": "/nix/store/8g2a6m6hz4m9symps0mb5w6mhiagi3yb-marksman-2024-12-18.drv",
      "description": "Language Server for Markdown",
      "install_id": "marksman",
      "license": "MIT",
      "locked_url": "https://github.com/flox/nixpkgs?rev=6a08e6bb4e46ff7fcbb53d409b253f6bad8a28ce",
      "name": "marksman-2024-12-18",
      "pname": "marksman",
      "rev": "6a08e6bb4e46ff7fcbb53d409b253f6bad8a28ce",
      "rev_count": 883951,
      "rev_date": "2025-10-25T06:24:58Z",
      "scrape_date": "2025-10-27T02:08:34.965376Z",
      "stabilities": [
        "unstable"
      ],
      "unfree": false,
      "version": "2024-12-18",
      "outputs_to_install": [
        "out"
      ],
      "outputs": {
        "out": "/nix/store/maxrpcgb1lxqv5df7q7kc7k4v4rz67i1-marksman-2024-12-18"
      },
      "system": "aarch64-darwin",
      "group": "toplevel",
      "priority": 5
    },
    {
      "attr_path": "marksman",
      "broken": false,
      "derivation": "/nix/store/zx1f0qv2mjnxq3j37aj4czjd7a48zj9n-marksman-2024-12-18.drv",
      "description": "Language Server for Markdown",
      "install_id": "marksman",
      "license": "MIT",
      "locked_url": "https://github.com/flox/nixpkgs?rev=6a08e6bb4e46ff7fcbb53d409b253f6bad8a28ce",
      "name": "marksman-2024-12-18",
      "pname": "marksman",
      "rev": "6a08e6bb4e46ff7fcbb53d409b253f6bad8a28ce",
      "rev_count": 883951,
      "rev_date": "2025-10-25T06:24:58Z",
      "scrape_date": "2025-10-27T02:18:57.897857Z",
      "stabilities": [
        "unstable"
      ],
      "unfree": false,
      "version": "2024-12-18",
      "outputs_to_install": [
        "out"
      ],
      "outputs": {
        "out": "/nix/store/a2cnbnc08lnqvl70zvm9yljx6rdd7w3b-marksman-2024-12-18"
      },
      "system": "aarch64-linux",
      "group": "toplevel",
      "priority": 5
    },
    {
      "attr_path": "marksman",
      "broken": false,
      "derivation": "/nix/store/q7pb73bspmzrhrs4dm7c451c0g51g35f-marksman-2024-12-18.drv",
      "description": "Language Server for Markdown",
      "install_id": "marksman",
      "license": "MIT",
      "locked_url": "https://github.com/flox/nixpkgs?rev=6a08e6bb4e46ff7fcbb53d409b253f6bad8a28ce",
      "name": "marksman-2024-12-18",
      "pname": "marksman",
      "rev": "6a08e6bb4e46ff7fcbb53d409b253f6bad8a28ce",
      "rev_count": 883951,
      "rev_date": "2025-10-25T06:24:58Z",
      "scrape_date": "2025-10-27T02:29:40.823431Z",
      "stabilities": [
        "unstable"
      ],
      "unfree": false,
      "version": "2024-12-18",
      "outputs_to_install": [
        "out"
      ],
      "outputs": {
        "out": "/nix/store/14szjjk70fq8kkks3ivj4hvbb1n9alwy-marksman-2024-12-18"
      },
      "system": "x86_64-darwin",
      "group": "toplevel",
      "priority": 5
    },
    {
      "attr_path": "marksman",
      "broken": false,
      "derivation": "/nix/store/cwwvkbd85j956d4jscxkm3ahi9qyips5-marksman-2024-12-18.drv",
      "description": "Language Server for Markdown",
      "install_id": "marksman",
      "license": "MIT",
      "locked_url": "https://github.com/flox/nixpkgs?rev=6a08e6bb4e46ff7fcbb53d409b253f6bad8a28ce",
      "name": "marksman-2024-12-18",
      "pname": "marksman",
      "rev": "6a08e6bb4e46ff7fcbb53d409b253f6bad8a28ce",
      "rev_count": 883951,
      "rev_date": "2025-10-25T06:24:58Z",
      "scrape_date": "2025-10-27T03:01:29.708575Z",
      "stabilities": [
        "unstable"
      ],
      "unfree": false,
      "version": "2024-12-18",
      "outputs_to_install": [
        "out"
      ],
      "outputs": {
        "out": "/nix/store/dwxsdfvpbcy4xndvrmg9xi8sk8cnbam4-marksman-2024-12-18"
      },
      "system": "x86_64-linux",
      "group": "toplevel",
      "priority": 5
    },
    {
      "attr_path": "zola",
      "broken": false,
      "derivation": "/nix/store/bq2qk2m2fnd06hns26yiwkbhcaz3wj05-zola-0.21.0.drv",
      "description": "Fast static site generator with everything built-in",
      "install_id": "zola",
      "license": "MIT",
      "locked_url": "https://github.com/flox/nixpkgs?rev=6a08e6bb4e46ff7fcbb53d409b253f6bad8a28ce",
      "name": "zola-0.21.0",
      "pname": "zola",
      "rev": "6a08e6bb4e46ff7fcbb53d409b253f6bad8a28ce",
      "rev_count": 883951,
      "rev_date": "2025-10-25T06:24:58Z",
      "scrape_date": "2025-10-27T02:10:50.549918Z",
      "stabilities": [
        "unstable"
      ],
      "unfree": false,
      "version": "0.21.0",
      "outputs_to_install": [
        "out"
      ],
      "outputs": {
        "out": "/nix/store/m3l07mcwqn95zg81kgj0l2mvvgkmwmds-zola-0.21.0"
      },
      "system": "aarch64-darwin",
      "group": "toplevel",
      "priority": 5
    },
    {
      "attr_path": "zola",
      "broken": false,
      "derivation": "/nix/store/y0qx5d771g015mi1ld6xnqmx10jd4s9l-zola-0.21.0.drv",
      "description": "Fast static site generator with everything built-in",
      "install_id": "zola",
      "license": "MIT",
      "locked_url": "https://github.com/flox/nixpkgs?rev=6a08e6bb4e46ff7fcbb53d409b253f6bad8a28ce",
      "name": "zola-0.21.0",
      "pname": "zola",
      "rev": "6a08e6bb4e46ff7fcbb53d409b253f6bad8a28ce",
      "rev_count": 883951,
      "rev_date": "2025-10-25T06:24:58Z",
      "scrape_date": "2025-10-27T02:22:01.132270Z",
      "stabilities": [
        "unstable"
      ],
      "unfree": false,
      "version": "0.21.0",
      "outputs_to_install": [
        "out"
      ],
      "outputs": {
        "out": "/nix/store/d6gl1z51d8f0g6xqk7iyr6h6jb2jq8gy-zola-0.21.0"
      },
      "system": "aarch64-linux",
      "group": "toplevel",
      "priority": 5
    },
    {
      "attr_path": "zola",
      "broken": false,
      "derivation": "/nix/store/zrjjf3vk8w4lpjbapfkvas1hanf1wv3h-zola-0.21.0.drv",
      "description": "Fast static site generator with everything built-in",
      "install_id": "zola",
      "license": "MIT",
      "locked_url": "https://github.com/flox/nixpkgs?rev=6a08e6bb4e46ff7fcbb53d409b253f6bad8a28ce",
      "name": "zola-0.21.0",
      "pname": "zola",
      "rev": "6a08e6bb4e46ff7fcbb53d409b253f6bad8a28ce",
      "rev_count": 883951,
      "rev_date": "2025-10-25T06:24:58Z",
      "scrape_date": "2025-10-27T02:31:50.568212Z",
      "stabilities": [
        "unstable"
      ],
      "unfree": false,
      "version": "0.21.0",
      "outputs_to_install": [
        "out"
      ],
      "outputs": {
        "out": "/nix/store/w3x23ssz4nqwcralf9cv33jl7mchy0ky-zola-0.21.0"
      },
      "system": "x86_64-darwin",
      "group": "toplevel",
      "priority": 5
    },
    {
      "attr_path": "zola",
      "broken": false,
      "derivation": "/nix/store/1lr49rd4pd5zc2gzj19052vzw2ziga3z-zola-0.21.0.drv",
      "description": "Fast static site generator with everything built-in",
      "install_id": "zola",
      "license": "MIT",
      "locked_url": "https://github.com/flox/nixpkgs?rev=6a08e6bb4e46ff7fcbb53d409b253f6bad8a28ce",
      "name": "zola-0.21.0",
      "pname": "zola",
      "rev": "6a08e6bb4e46ff7fcbb53d409b253f6bad8a28ce",
      "rev_count": 883951,
      "rev_date": "2025-10-25T06:24:58Z",
      "scrape_date": "2025-10-27T03:04:36.642379Z",
      "stabilities": [
        "unstable"
      ],
      "unfree": false,
      "version": "0.21.0",
      "outputs_to_install": [
        "out"
      ],
      "outputs": {
        "out": "/nix/store/a5ijbky35jb71p2agd3bc8c3mwbxwlch-zola-0.21.0"
      },
      "system": "x86_64-linux",
      "group": "toplevel",
      "priority": 5
    }
  ]
}