{
  "lockfile-version": 1,
  "manifest": {
    "version": 1,
    "install": {
      "zola": {
        "pkg-path": "zola"
      }
    },
    "options": {
      "systems": [
        "aarch64-darwin",
        "aarch64-linux",
        "x86_64-darwin",
        "x86_64-linux"
      ],
      "cuda-detection": false
    },
    "services": {
      "preview": {
        "command": "zola serve"
      }
    }
  },
  "packages": [
    {
      "attr_path": "zola",
      "broken": false,
      "derivation": "/nix/store/vizav6ja78nk21flig16jbzglydbyxr5-zola-0.20.0.drv",
      "description": "Fast static site generator with everything built-in",
      "install_id": "zola",
      "license": "MIT",
      "locked_url": "https://github.com/flox/nixpkgs?rev=46e634be05ce9dc6d4db8e664515ba10b78151ae",
      "name": "zola-0.20.0",
      "pname": "zola",
      "rev": "46e634be05ce9dc6d4db8e664515ba10b78151ae",
      "rev_count": 791944,
      "rev_date": "2025-04-29T12:35:57Z",
      "scrape_date": "2025-04-30T04:20:49.225126Z",
      "stabilities": [
        "unstable"
      ],
      "unfree": false,
      "version": "0.20.0",
      "outputs_to_install": [
        "out"
      ],
      "outputs": {
        "out": "/nix/store/7g9rnbz2f10mf8z3bk0mnii50z48n8bq-zola-0.20.0"
      },
      "system": "aarch64-darwin",
      "group": "toplevel",
      "priority": 5
    },
    {
      "attr_path": "zola",
      "broken": false,
      "derivation": "/nix/store/28y4c32cjh4a4649pj21zrlp3gpdm357-zola-0.20.0.drv",
      "description": "Fast static site generator with everything built-in",
      "install_id": "zola",
      "license": "MIT",
      "locked_url": "https://github.com/flox/nixpkgs?rev=46e634be05ce9dc6d4db8e664515ba10b78151ae",
      "name": "zola-0.20.0",
      "pname": "zola",
      "rev": "46e634be05ce9dc6d4db8e664515ba10b78151ae",
      "rev_count": 791944,
      "rev_date": "2025-04-29T12:35:57Z",
      "scrape_date": "2025-04-30T04:40:09.716500Z",
      "stabilities": [
        "unstable"
      ],
      "unfree": false,
      "version": "0.20.0",
      "outputs_to_install": [
        "out"
      ],
      "outputs": {
        "out": "/nix/store/alnp5ccvhirkhbpfc74fcfd6hy4ljkpd-zola-0.20.0"
      },
      "system": "aarch64-linux",
      "group": "toplevel",
      "priority": 5
    },
    {
      "attr_path": "zola",
      "broken": false,
      "derivation": "/nix/store/ccahdkfqzqkxvl635sw779vh3z60j3nk-zola-0.20.0.drv",
      "description": "Fast static site generator with everything built-in",
      "install_id": "zola",
      "license": "MIT",
      "locked_url": "https://github.com/flox/nixpkgs?rev=46e634be05ce9dc6d4db8e664515ba10b78151ae",
      "name": "zola-0.20.0",
      "pname": "zola",
      "rev": "46e634be05ce9dc6d4db8e664515ba10b78151ae",
      "rev_count": 791944,
      "rev_date": "2025-04-29T12:35:57Z",
      "scrape_date": "2025-04-30T04:57:10.962315Z",
      "stabilities": [
        "unstable"
      ],
      "unfree": false,
      "version": "0.20.0",
      "outputs_to_install": [
        "out"
      ],
      "outputs": {
        "out": "/nix/store/slsanam8b928svv7kx088b16bjnrjsql-zola-0.20.0"
      },
      "system": "x86_64-darwin",
      "group": "toplevel",
      "priority": 5
    },
    {
      "attr_path": "zola",
      "broken": false,
      "derivation": "/nix/store/r17s45rxz89sx7xcvkn1cv5nsg4lwnj3-zola-0.20.0.drv",
      "description": "Fast static site generator with everything built-in",
      "install_id": "zola",
      "license": "MIT",
      "locked_url": "https://github.com/flox/nixpkgs?rev=46e634be05ce9dc6d4db8e664515ba10b78151ae",
      "name": "zola-0.20.0",
      "pname": "zola",
      "rev": "46e634be05ce9dc6d4db8e664515ba10b78151ae",
      "rev_count": 791944,
      "rev_date": "2025-04-29T12:35:57Z",
      "scrape_date": "2025-04-30T05:22:27.780093Z",
      "stabilities": [
        "unstable"
      ],
      "unfree": false,
      "version": "0.20.0",
      "outputs_to_install": [
        "out"
      ],
      "outputs": {
        "out": "/nix/store/jrrbz5dnv6hk2bswmdbxwz03v51cfzkn-zola-0.20.0"
      },
      "system": "x86_64-linux",
      "group": "toplevel",
      "priority": 5
    }
  ]
}